{
  "lockfileVersion": 1,
  "configVersion": 1,
  "workspaces": {
    "": {
      "name": "bough-control-room",
      "dependencies": {
        "dompurify": "^3.4.15",
        "marked": "^18.0.12",
        "react": "^19.3.0",
        "react-dom": "^19.3.0",
      },
      "devDependencies": {
        "@types/dompurify": "^3.2.0",
      },
    },
  },
  "packages": {
    "@types/dompurify": ["@types/dompurify@3.2.0", "", { "dependencies": { "dompurify": "*" } }, "sha512-Fgg31wv9QbLDA0SpTOXO3MaxySc4DKGLi8sna4/Utjo4r3ZRPdCt4UQee8BWr+Q5z21yifghREPJGYaEOEIACg=="],

    "@types/trusted-types": ["@types/trusted-types@2.0.7", "", {}, "sha512-ScaPdn1dQczgbl0QFTeTOmVHFULt394XJgOQNoyVhZ6r2vLnMLJfBPd53SB52T/3G36VI1/g2MZaX0cwDuXsfw=="],

    "dompurify": ["dompurify@3.4.15", "", { "optionalDependencies": { "@types/trusted-types": "^2.0.7" } }, "sha512-EUBjM+B+lkDE41iE82DDSCfkoPGfXx8IxFxPMjNzm/Uk4xDet77rTN9wqlxlVg71kK7XGuUMv6wUxJUwwv+Xyw=="],

    "marked": ["marked@18.0.12", "", { "bin": { "marked": "bin/marked.js" } }, "sha512-LEm4ga2YeI2T3GVHj9b0BaDPPk93LLTHMFeMyQbNIzPxc8vCI0y/scy0ZA6z6lXKyT9j9Nhl/OC6ZYKYGuFScA=="],

    "react": ["react@19.3.0", "", {}, "sha512-E8LUcbtBWt20bbl2YoHfx4ZDBdxVTfOKtCZn9cDSJ4l6/nuoApcpIBcj47t2wZoVX8g2ZHuMHbiShgCR1T5Sog=="],

    "react-dom": ["react-dom@19.3.0", "", { "dependencies": { "scheduler": "^0.28.0" }, "peerDependencies": { "react": "^19.3.0" } }, "sha512-JDk8dgif51OjFoDE70+OT9ICyYr+69HlmihNwp1+Nsfbna3t5sIiCa9ZJktDmQ4/1b/rn26hIAR2uYXDMr5r0Q=="],

    "scheduler": ["scheduler@0.28.0", "", {}, "sha512-juorfCmIkIw8tT+p5BXSm6PJjQF/ycEYmKyzURCIt/RaZIhL+PulbQ9Yu2z1HdOJDdqDTlxA1+xKBmHXJsczAw=="],
  }
}
